<?xml version="1.0" encoding="utf-8"?>
<Project ToolsVersion="4.0" xmlns="http://schemas.microsoft.com/developer/msbuild/2003">
  <ItemGroup>
    <ClCompile Include="Collectibles.h" />
    <ClCompile Include="Player.cpp" />
    <ClCompile Include="Src.cpp" />
    <ClCompile Include="Team.h" />
  </ItemGroup>
  <ItemGroup>
    <ClInclude Include="Animation.h" />
    <ClInclude Include="Batbrain.h" />
    <ClInclude Include="Beebot.h" />
    <ClInclude Include="Crabmeat.h" />
    <ClInclude Include="Display.h" />
    <ClInclude Include="Eggstinger.h" />
    <ClInclude Include="Enemy.h" />
    <ClInclude Include="Input.h" />
    <ClInclude Include="Knuckles.h" />
    <ClInclude Include="Level.h" />
    <ClInclude Include="Leaderboard.h" />
    <ClInclude Include="Menu.h" />
    <ClInclude Include="Motobug.h" />
    <ClInclude Include="Obstacle.h" />
    <ClInclude Include="Player.h" />
    <ClInclude Include="Projectile.h" />
    <ClInclude Include="Sonic.h" />
    <ClInclude Include="TailedFox.h" />
    <ClInclude Include="Window.h" />
  </ItemGroup>
</Project>